// !$*UTF8*$!
{
	archiveVersion = 1;
	classes = {
	};
	objectVersion = 55;
	objects = {

/* Begin PBXBuildFile section */
		C12AFFBB27CBA77400C53ABB /* ShoppingCartApp.swift in Sources */ = {isa = PBXBuildFile; fileRef = C12AFFBA27CBA77400C53ABB /* ShoppingCartApp.swift */; };
		C12AFFBD27CBA77400C53ABB /* ContentView.swift in Sources */ = {isa = PBXBuildFile; fileRef = C12AFFBC27CBA77400C53ABB /* ContentView.swift */; };
		C12AFFBF27CBA77600C53ABB /* Assets.xcassets in Resources */ = {isa = PBXBuildFile; fileRef = C12AFFBE27CBA77600C53ABB /* Assets.xcassets */; };
		C12AFFC227CBA77600C53ABB /* Preview Assets.xcassets in Resources */ = {isa = PBXBuildFile; fileRef = C12AFFC127CBA77600C53ABB /* Preview Assets.xcassets */; };
		C12AFFCA27CBA8ED00C53ABB /* Product.swift in Sources */ = {isa = PBXBuildFile; fileRef = C12AFFC927CBA8ED00C53ABB /* Product.swift */; };
		C12AFFCD27CBAA8C00C53ABB /* ProductCard.swift in Sources */ = {isa = PBXBuildFile; fileRef = C12AFFCC27CBAA8C00C53ABB /* ProductCard.swift */; };
		C12AFFD027CBB49B00C53ABB /* CartButton.swift in Sources */ = {isa = PBXBuildFile; fileRef = C12AFFCF27CBB49B00C53ABB /* CartButton.swift */; };
		C12AFFD227CBB69D00C53ABB /* CartView.swift in Sources */ = {isa = PBXBuildFile; fileRef = C12AFFD127CBB69D00C53ABB /* CartView.swift */; };
		C12AFFD427CBB8AD00C53ABB /* CartManager.swift in Sources */ = {isa = PBXBuildFile; fileRef = C12AFFD327CBB8AD00C53ABB /* CartManager.swift */; };
		C12AFFD627CBBC4300C53ABB /* ProductRow.swift in Sources */ = {isa = PBXBuildFile; fileRef = C12AFFD527CBBC4300C53ABB /* ProductRow.swift */; };
		C12AFFD827CC150B00C53ABB /* PaymentButton.swift in Sources */ = {isa = PBXBuildFile; fileRef = C12AFFD727CC150B00C53ABB /* PaymentButton.swift */; };
		C12AFFDB27CC1B7300C53ABB /* PaymentHandler.swift in Sources */ = {isa = PBXBuildFile; fileRef = C12AFFDA27CC1B7300C53ABB /* PaymentHandler.swift */; };
		C13A035627D684DA00FC62FA /* DetailScreen.swift in Sources */ = {isa = PBXBuildFile; fileRef = C13A035527D684DA00FC62FA /* DetailScreen.swift */; };
		C19A8EFB27D249CB006D2B0B /* DiscountView.swift in Sources */ = {isa = PBXBuildFile; fileRef = C19A8EFA27D249CB006D2B0B /* DiscountView.swift */; };
		C19A8EFD27D24A18006D2B0B /* HomeView.swift in Sources */ = {isa = PBXBuildFile; fileRef = C19A8EFC27D24A18006D2B0B /* HomeView.swift */; };
		C1C36DFF27D0FF86005E960D /* PromotedCard.swift in Sources */ = {isa = PBXBuildFile; fileRef = C1C36DFE27D0FF85005E960D /* PromotedCard.swift */; };
		C1D243BE27DA38FF0036B041 /* ProductCardView.swift in Sources */ = {isa = PBXBuildFile; fileRef = C1D243BD27DA38FE0036B041 /* ProductCardView.swift */; };
/* End PBXBuildFile section */

/* Begin PBXFileReference section */
		C12AFFB727CBA77400C53ABB /* ShoppingCart.app */ = {isa = PBXFileReference; explicitFileType = wrapper.application; includeInIndex = 0; path = ShoppingCart.app; sourceTree = BUILT_PRODUCTS_DIR; };
		C12AFFBA27CBA77400C53ABB /* ShoppingCartApp.swift */ = {isa = PBXFileReference; lastKnownFileType = sourcecode.swift; path = ShoppingCartApp.swift; sourceTree = "<group>"; };
		C12AFFBC27CBA77400C53ABB /* ContentView.swift */ = {isa = PBXFileReference; lastKnownFileType = sourcecode.swift; path = ContentView.swift; sourceTree = "<group>"; };
		C12AFFBE27CBA77600C53ABB /* Assets.xcassets */ = {isa = PBXFileReference; lastKnownFileType = folder.assetcatalog; path = Assets.xcassets; sourceTree = "<group>"; };
		C12AFFC127CBA77600C53ABB /* Preview Assets.xcassets */ = {isa = PBXFileReference; lastKnownFileType = folder.assetcatalog; path = "Preview Assets.xcassets"; sourceTree = "<group>"; };
		C12AFFC927CBA8ED00C53ABB /* Product.swift */ = {isa = PBXFileReference; lastKnownFileType = sourcecode.swift; path = Product.swift; sourceTree = "<group>"; };
		C12AFFCC27CBAA8C00C53ABB /* ProductCard.swift */ = {isa = PBXFileReference; lastKnownFileType = sourcecode.swift; path = ProductCard.swift; sourceTree = "<group>"; };
		C12AFFCF27CBB49B00C53ABB /* CartButton.swift */ = {isa = PBXFileReference; lastKnownFileType = sourcecode.swift; path = CartButton.swift; sourceTree = "<group>"; };
		C12AFFD127CBB69D00C53ABB /* CartView.swift */ = {isa = PBXFileReference; lastKnownFileType = sourcecode.swift; path = CartView.swift; sourceTree = "<group>"; };
		C12AFFD327CBB8AD00C53ABB /* CartManager.swift */ = {isa = PBXFileReference; lastKnownFileType = sourcecode.swift; path = CartManager.swift; sourceTree = "<group>"; };
		C12AFFD527CBBC4300C53ABB /* ProductRow.swift */ = {isa = PBXFileReference; lastKnownFileType = sourcecode.swift; path = ProductRow.swift; sourceTree = "<group>"; };
		C12AFFD727CC150B00C53ABB /* PaymentButton.swift */ = {isa = PBXFileReference; lastKnownFileType = sourcecode.swift; path = PaymentButton.swift; sourceTree = "<group>"; };
		C12AFFD927CC1B1900C53ABB /* ShoppingCart.entitlements */ = {isa = PBXFileReference; lastKnownFileType = text.plist.entitlements; path = ShoppingCart.entitlements; sourceTree = "<group>"; };
		C12AFFDA27CC1B7300C53ABB /* PaymentHandler.swift */ = {isa = PBXFileReference; lastKnownFileType = sourcecode.swift; path = PaymentHandler.swift; sourceTree = "<group>"; };
		C13A035527D684DA00FC62FA /* DetailScreen.swift */ = {isa = PBXFileReference; fileEncoding = 4; lastKnownFileType = sourcecode.swift; path = DetailScreen.swift; sourceTree = "<group>"; };
		C19A8EFA27D249CB006D2B0B /* DiscountView.swift */ = {isa = PBXFileReference; lastKnownFileType = sourcecode.swift; path = DiscountView.swift; sourceTree = "<group>"; };
		C19A8EFC27D24A18006D2B0B /* HomeView.swift */ = {isa = PBXFileReference; lastKnownFileType = sourcecode.swift; path = HomeView.swift; sourceTree = "<group>"; };
		C1C36DFE27D0FF85005E960D /* PromotedCard.swift */ = {isa = PBXFileReference; lastKnownFileType = sourcecode.swift; path = PromotedCard.swift; sourceTree = "<group>"; };
		C1D243BD27DA38FE0036B041 /* ProductCardView.swift */ = {isa = PBXFileReference; lastKnownFileType = sourcecode.swift; path = ProductCardView.swift; sourceTree = "<group>"; };
/* End PBXFileReference section */

/* Begin PBXFrameworksBuildPhase section */
		C12AFFB427CBA77400C53ABB /* Frameworks */ = {
			isa = PBXFrameworksBuildPhase;
			buildActionMask = 2147483647;
			files = (
			);
			runOnlyForDeploymentPostprocessing = 0;
		};
/* End PBXFrameworksBuildPhase section */

/* Begin PBXGroup section */
		C12AFFAE27CBA77400C53ABB = {
			isa = PBXGroup;
			children = (
				C12AFFB927CBA77400C53ABB /* ShoppingCart */,
				C12AFFB827CBA77400C53ABB /* Products */,
			);
			sourceTree = "<group>";
		};
		C12AFFB827CBA77400C53ABB /* Products */ = {
			isa = PBXGroup;
			children = (
				C12AFFB727CBA77400C53ABB /* ShoppingCart.app */,
			);
			name = Products;
			sourceTree = "<group>";
		};
		C12AFFB927CBA77400C53ABB /* ShoppingCart */ = {
			isa = PBXGroup;
			children = (
				C12AFFD927CC1B1900C53ABB /* ShoppingCart.entitlements */,
				C12AFFBA27CBA77400C53ABB /* ShoppingCartApp.swift */,
				C12AFFCE27CBAEC800C53ABB /* Views */,
				C12AFFCB27CBAA6100C53ABB /* Components */,
				C12AFFC827CBA8D100C53ABB /* Models */,
				C12AFFBE27CBA77600C53ABB /* Assets.xcassets */,
				C12AFFC027CBA77600C53ABB /* Preview Content */,
				C12AFFD327CBB8AD00C53ABB /* CartManager.swift */,
				C12AFFDA27CC1B7300C53ABB /* PaymentHandler.swift */,
			);
			path = ShoppingCart;
			sourceTree = "<group>";
		};
		C12AFFC027CBA77600C53ABB /* Preview Content */ = {
			isa = PBXGroup;
			children = (
				C12AFFC127CBA77600C53ABB /* Preview Assets.xcassets */,
			);
			path = "Preview Content";
			sourceTree = "<group>";
		};
		C12AFFC827CBA8D100C53ABB /* Models */ = {
			isa = PBXGroup;
			children = (
				C12AFFC927CBA8ED00C53ABB /* Product.swift */,
			);
			path = Models;
			sourceTree = "<group>";
		};
		C12AFFCB27CBAA6100C53ABB /* Components */ = {
			isa = PBXGroup;
			children = (
				C12AFFCC27CBAA8C00C53ABB /* ProductCard.swift */,
				C12AFFCF27CBB49B00C53ABB /* CartButton.swift */,
				C12AFFD527CBBC4300C53ABB /* ProductRow.swift */,
				C12AFFD727CC150B00C53ABB /* PaymentButton.swift */,
				C1C36DFE27D0FF85005E960D /* PromotedCard.swift */,
				C1D243BD27DA38FE0036B041 /* ProductCardView.swift */,
			);
			path = Components;
			sourceTree = "<group>";
		};
		C12AFFCE27CBAEC800C53ABB /* Views */ = {
			isa = PBXGroup;
			children = (
				C12AFFBC27CBA77400C53ABB /* ContentView.swift */,
				C12AFFD127CBB69D00C53ABB /* CartView.swift */,
				C19A8EFA27D249CB006D2B0B /* DiscountView.swift */,
				C19A8EFC27D24A18006D2B0B /* HomeView.swift */,
				C13A035527D684DA00FC62FA /* DetailScreen.swift */,
			);
			path = Views;
			sourceTree = "<group>";
		};
/* End PBXGroup section */

/* Begin PBXNativeTarget section */
		C12AFFB627CBA77400C53ABB /* ShoppingCart */ = {
			isa = PBXNativeTarget;
			buildConfigurationList = C12AFFC527CBA77600C53ABB /* Build configuration list for PBXNativeTarget "ShoppingCart" */;
			buildPhases = (
				C12AFFB327CBA77400C53ABB /* Sources */,
				C12AFFB427CBA77400C53ABB /* Frameworks */,
				C12AFFB527CBA77400C53ABB /* Resources */,
			);
			buildRules = (
			);
			dependencies = (
			);
			name = ShoppingCart;
			productName = ShoppingCart;
			productReference = C12AFFB727CBA77400C53ABB /* ShoppingCart.app */;
			productType = "com.apple.product-type.application";
		};
/* End PBXNativeTarget section */

/* Begin PBXProject section */
		C12AFFAF27CBA77400C53ABB /* Project object */ = {
			isa = PBXProject;
			attributes = {
				BuildIndependentTargetsInParallel = 1;
				LastSwiftUpdateCheck = 1320;
				LastUpgradeCheck = 1320;
				TargetAttributes = {
					C12AFFB627CBA77400C53ABB = {
						CreatedOnToolsVersion = 13.2.1;
					};
				};
			};
			buildConfigurationList = C12AFFB227CBA77400C53ABB /* Build configuration list for PBXProject "ShoppingCart" */;
			compatibilityVersion = "Xcode 13.0";
			developmentRegion = en;
			hasScannedForEncodings = 0;
			knownRegions = (
				en,
				Base,
			);
			mainGroup = C12AFFAE27CBA77400C53ABB;
			productRefGroup = C12AFFB827CBA77400C53ABB /* Products */;
			projectDirPath = "";
			projectRoot = "";
			targets = (
				C12AFFB627CBA77400C53ABB /* ShoppingCart */,
			);
		};
/* End PBXProject section */

/* Begin PBXResourcesBuildPhase section */
		C12AFFB527CBA77400C53ABB /* Resources */ = {
			isa = PBXResourcesBuildPhase;
			buildActionMask = 2147483647;
			files = (
				C12AFFC227CBA77600C53ABB /* Preview Assets.xcassets in Resources */,
				C12AFFBF27CBA77600C53ABB /* Assets.xcassets in Resources */,
			);
			runOnlyForDeploymentPostprocessing = 0;
		};
/* End PBXResourcesBuildPhase section */

/* Begin PBXSourcesBuildPhase section */
		C12AFFB327CBA77400C53ABB /* Sources */ = {
			isa = PBXSourcesBuildPhase;
			buildActionMask = 2147483647;
			files = (
				C12AFFD827CC150B00C53ABB /* PaymentButton.swift in Sources */,
				C1C36DFF27D0FF86005E960D /* PromotedCard.swift in Sources */,
				C19A8EFD27D24A18006D2B0B /* HomeView.swift in Sources */,
				C12AFFDB27CC1B7300C53ABB /* PaymentHandler.swift in Sources */,
				C12AFFD227CBB69D00C53ABB /* CartView.swift in Sources */,
				C12AFFBD27CBA77400C53ABB /* ContentView.swift in Sources */,
				C19A8EFB27D249CB006D2B0B /* DiscountView.swift in Sources */,
				C12AFFD427CBB8AD00C53ABB /* CartManager.swift in Sources */,
				C12AFFBB27CBA77400C53ABB /* ShoppingCartApp.swift in Sources */,
				C1D243BE27DA38FF0036B041 /* ProductCardView.swift in Sources */,
				C12AFFD627CBBC4300C53ABB /* ProductRow.swift in Sources */,
				C12AFFCA27CBA8ED00C53ABB /* Product.swift in Sources */,
				C12AFFCD27CBAA8C00C53ABB /* ProductCard.swift in Sources */,
				C13A035627D684DA00FC62FA /* DetailScreen.swift in Sources */,
				C12AFFD027CBB49B00C53ABB /* CartButton.swift in Sources */,
			);
			runOnlyForDeploymentPostprocessing = 0;
		};
/* End PBXSourcesBuildPhase section */

/* Begin XCBuildConfiguration section */
		C12AFFC327CBA77600C53ABB /* Debug */ = {
			isa = XCBuildConfiguration;
			buildSettings = {
				ALWAYS_SEARCH_USER_PATHS = NO;
				CLANG_ANALYZER_NONNULL = YES;
				CLANG_ANALYZER_NUMBER_OBJECT_CONVERSION = YES_AGGRESSIVE;
				CLANG_CXX_LANGUAGE_STANDARD = "gnu++17";
				CLANG_CXX_LIBRARY = "libc++";
				CLANG_ENABLE_MODULES = YES;
				CLANG_ENABLE_OBJC_ARC = YES;
				CLANG_ENABLE_OBJC_WEAK = YES;
				CLANG_WARN_BLOCK_CAPTURE_AUTORELEASING = YES;
				CLANG_WARN_BOOL_CONVERSION = YES;
				CLANG_WARN_COMMA = YES;
				CLANG_WARN_CONSTANT_CONVERSION = YES;
				CLANG_WARN_DEPRECATED_OBJC_IMPLEMENTATIONS = YES;
				CLANG_WARN_DIRECT_OBJC_ISA_USAGE = YES_ERROR;
				CLANG_WARN_DOCUMENTATION_COMMENTS = YES;
				CLANG_WARN_EMPTY_BODY = YES;
				CLANG_WARN_ENUM_CONVERSION = YES;
				CLANG_WARN_INFINITE_RECURSION = YES;
				CLANG_WARN_INT_CONVERSION = YES;
				CLANG_WARN_NON_LITERAL_NULL_CONVERSION = YES;
				CLANG_WARN_OBJC_IMPLICIT_RETAIN_SELF = YES;
				CLANG_WARN_OBJC_LITERAL_CONVERSION = YES;
				CLANG_WARN_OBJC_ROOT_CLASS = YES_ERROR;
				CLANG_WARN_QUOTED_INCLUDE_IN_FRAMEWORK_HEADER = YES;
				CLANG_WARN_RANGE_LOOP_ANALYSIS = YES;
				CLANG_WARN_STRICT_PROTOTYPES = YES;
				CLANG_WARN_SUSPICIOUS_MOVE = YES;
				CLANG_WARN_UNGUARDED_AVAILABILITY = YES_AGGRESSIVE;
				CLANG_WARN_UNREACHABLE_CODE = YES;
				CLANG_WARN__DUPLICATE_METHOD_MATCH = YES;
				COPY_PHASE_STRIP = NO;
				DEBUG_INFORMATION_FORMAT = dwarf;
				ENABLE_STRICT_OBJC_MSGSEND = YES;
				ENABLE_TESTABILITY = YES;
				GCC_C_LANGUAGE_STANDARD = gnu11;
				GCC_DYNAMIC_NO_PIC = NO;
				GCC_NO_COMMON_BLOCKS = YES;
				GCC_OPTIMIZATION_LEVEL = 0;
				GCC_PREPROCESSOR_DEFINITIONS = (
					"DEBUG=1",
					"$(inherited)",
				);
				GCC_WARN_64_TO_32_BIT_CONVERSION = YES;
				GCC_WARN_ABOUT_RETURN_TYPE = YES_ERROR;
				GCC_WARN_UNDECLARED_SELECTOR = YES;
				GCC_WARN_UNINITIALIZED_AUTOS = YES_AGGRESSIVE;
				GCC_WARN_UNUSED_FUNCTION = YES;
				GCC_WARN_UNUSED_VARIABLE = YES;
				IPHONEOS_DEPLOYMENT_TARGET = 15.2;
				MTL_ENABLE_DEBUG_INFO = INCLUDE_SOURCE;
				MTL_FAST_MATH = YES;
				ONLY_ACTIVE_ARCH = YES;
				SDKROOT = iphoneos;
				SWIFT_ACTIVE_COMPILATION_CONDITIONS = DEBUG;
				SWIFT_OPTIMIZATION_LEVEL = "-Onone";
			};
			name = Debug;
		};
		C12AFFC427CBA77600C53ABB /* Release */ = {
			isa = XCBuildConfiguration;
			buildSettings = {
				ALWAYS_SEARCH_USER_PATHS = NO;
				CLANG_ANALYZER_NONNULL = YES;
				CLANG_ANALYZER_NUMBER_OBJECT_CONVERSION = YES_AGGRESSIVE;
				CLANG_CXX_LANGUAGE_STANDARD = "gnu++17";
				CLANG_CXX_LIBRARY = "libc++";
				CLANG_ENABLE_MODULES = YES;
				CLANG_ENABLE_OBJC_ARC = YES;
				CLANG_ENABLE_OBJC_WEAK = YES;
				CLANG_WARN_BLOCK_CAPTURE_AUTORELEASING = YES;
				CLANG_WARN_BOOL_CONVERSION = YES;
				CLANG_WARN_COMMA = YES;
				CLANG_WARN_CONSTANT_CONVERSION = YES;
				CLANG_WARN_DEPRECATED_OBJC_IMPLEMENTATIONS = YES;
				CLANG_WARN_DIRECT_OBJC_ISA_USAGE = YES_ERROR;
				CLANG_WARN_DOCUMENTATION_COMMENTS = YES;
				CLANG_WARN_EMPTY_BODY = YES;
				CLANG_WARN_ENUM_CONVERSION = YES;
				CLANG_WARN_INFINITE_RECURSION = YES;
				CLANG_WARN_INT_CONVERSION = YES;
				CLANG_WARN_NON_LITERAL_NULL_CONVERSION = YES;
				CLANG_WARN_OBJC_IMPLICIT_RETAIN_SELF = YES;
				CLANG_WARN_OBJC_LITERAL_CONVERSION = YES;
				CLANG_WARN_OBJC_ROOT_CLASS = YES_ERROR;
				CLANG_WARN_QUOTED_INCLUDE_IN_FRAMEWORK_HEADER = YES;
				CLANG_WARN_RANGE_LOOP_ANALYSIS = YES;
				CLANG_WARN_STRICT_PROTOTYPES = YES;
				CLANG_WARN_SUSPICIOUS_MOVE = YES;
				CLANG_WARN_UNGUARDED_AVAILABILITY = YES_AGGRESSIVE;
				CLANG_WARN_UNREACHABLE_CODE = YES;
				CLANG_WARN__DUPLICATE_METHOD_MATCH = YES;
				COPY_PHASE_STRIP = NO;
				DEBUG_INFORMATION_FORMAT = "dwarf-with-dsym";
				ENABLE_NS_ASSERTIONS = NO;
				ENABLE_STRICT_OBJC_MSGSEND = YES;
				GCC_C_LANGUAGE_STANDARD = gnu11;
				GCC_NO_COMMON_BLOCKS = YES;
				GCC_WARN_64_TO_32_BIT_CONVERSION = YES;
				GCC_WARN_ABOUT_RETURN_TYPE = YES_ERROR;
				GCC_WARN_UNDECLARED_SELECTOR = YES;
				GCC_WARN_UNINITIALIZED_AUTOS = YES_AGGRESSIVE;
				GCC_WARN_UNUSED_FUNCTION = YES;
				GCC_WARN_UNUSED_VARIABLE = YES;
				IPHONEOS_DEPLOYMENT_TARGET = 15.2;
				MTL_ENABLE_DEBUG_INFO = NO;
				MTL_FAST_MATH = YES;
				SDKROOT = iphoneos;
				SWIFT_COMPILATION_MODE = wholemodule;
				SWIFT_OPTIMIZATION_LEVEL = "-O";
				VALIDATE_PRODUCT = YES;
			};
			name = Release;
		};
		C12AFFC627CBA77600C53ABB /* Debug */ = {
			isa = XCBuildConfiguration;
			buildSettings = {
				ASSETCATALOG_COMPILER_APPICON_NAME = AppIcon;
				ASSETCATALOG_COMPILER_GLOBAL_ACCENT_COLOR_NAME = AccentColor;
				CODE_SIGN_ENTITLEMENTS = ShoppingCart/ShoppingCart.entitlements;
				CODE_SIGN_STYLE = Automatic;
				CURRENT_PROJECT_VERSION = " ";
				DEVELOPMENT_ASSET_PATHS = "\"ShoppingCart/Preview Content\"";
				DEVELOPMENT_TEAM = YLUJFA3QRD;
				ENABLE_PREVIEWS = YES;
				GENERATE_INFOPLIST_FILE = YES;
				INFOPLIST_KEY_UIApplicationSceneManifest_Generation = YES;
				INFOPLIST_KEY_UIApplicationSupportsIndirectInputEvents = YES;
				INFOPLIST_KEY_UILaunchScreen_Generation = YES;
				INFOPLIST_KEY_UISupportedInterfaceOrientations_iPad = "UIInterfaceOrientationPortrait UIInterfaceOrientationPortraitUpsideDown UIInterfaceOrientationLandscapeLeft UIInterfaceOrientationLandscapeRight";
				INFOPLIST_KEY_UISupportedInterfaceOrientations_iPhone = "UIInterfaceOrientationPortrait UIInterfaceOrientationLandscapeLeft UIInterfaceOrientationLandscapeRight";
				LD_RUNPATH_SEARCH_PATHS = (
					"$(inherited)",
					"@executable_path/Frameworks",
				);
				MARKETING_VERSION = 1.0;
				PRODUCT_BUNDLE_IDENTIFIER = com.qwicktake.ShoppingCart;
				PRODUCT_NAME = "$(TARGET_NAME)";
				SWIFT_EMIT_LOC_STRINGS = YES;
				SWIFT_VERSION = 5.0;
				TARGETED_DEVICE_FAMILY = "1,2";
			};
			name = Debug;
		};
		C12AFFC727CBA77600C53ABB /* Release */ = {
			isa = XCBuildConfiguration;
			buildSettings = {
				ASSETCATALOG_COMPILER_APPICON_NAME = AppIcon;
				ASSETCATALOG_COMPILER_GLOBAL_ACCENT_COLOR_NAME = AccentColor;
				CODE_SIGN_ENTITLEMENTS = ShoppingCart/ShoppingCart.entitlements;
				CODE_SIGN_STYLE = Automatic;
				CURRENT_PROJECT_VERSION = " ";
				DEVELOPMENT_ASSET_PATHS = "\"ShoppingCart/Preview Content\"";
				DEVELOPMENT_TEAM = YLUJFA3QRD;
				ENABLE_PREVIEWS = YES;
				GENERATE_INFOPLIST_FILE = YES;
				INFOPLIST_KEY_UIApplicationSceneManifest_Generation = YES;
				INFOPLIST_KEY_UIApplicationSupportsIndirectInputEvents = YES;
				INFOPLIST_KEY_UILaunchScreen_Generation = YES;
				INFOPLIST_KEY_UISupportedInterfaceOrientations_iPad = "UIInterfaceOrientationPortrait UIInterfaceOrientationPortraitUpsideDown UIInterfaceOrientationLandscapeLeft UIInterfaceOrientationLandscapeRight";
				INFOPLIST_KEY_UISupportedInterfaceOrientations_iPhone = "UIInterfaceOrientationPortrait UIInterfaceOrientationLandscapeLeft UIInterfaceOrientationLandscapeRight";
				LD_RUNPATH_SEARCH_PATHS = (
					"$(inherited)",
					"@executable_path/Frameworks",
				);
				MARKETING_VERSION = 1.0;
				PRODUCT_BUNDLE_IDENTIFIER = com.qwicktake.ShoppingCart;
				PRODUCT_NAME = "$(TARGET_NAME)";
				SWIFT_EMIT_LOC_STRINGS = YES;
				SWIFT_VERSION = 5.0;
				TARGETED_DEVICE_FAMILY = "1,2";
			};
			name = Release;
		};
/* End XCBuildConfiguration section */

/* Begin XCConfigurationList section */
		C12AFFB227CBA77400C53ABB /* Build configuration list for PBXProject "ShoppingCart" */ = {
			isa = XCConfigurationList;
			buildConfigurations = (
				C12AFFC327CBA77600C53ABB /* Debug */,
				C12AFFC427CBA77600C53ABB /* Release */,
			);
			defaultConfigurationIsVisible = 0;
			defaultConfigurationName = Release;
		};
		C12AFFC527CBA77600C53ABB /* Build configuration list for PBXNativeTarget "ShoppingCart" */ = {
			isa = XCConfigurationList;
			buildConfigurations = (
				C12AFFC627CBA77600C53ABB /* Debug */,
				C12AFFC727CBA77600C53ABB /* Release */,
			);
			defaultConfigurationIsVisible = 0;
			defaultConfigurationName = Release;
		};
/* End XCConfigurationList section */
	};
	rootObject = C12AFFAF27CBA77400C53ABB /* Project object */;
}
